
Microsoft Visual Studio Solution File, Format Version 12.00
Project("{F2A71F9B-5D33-465A-A702-920D77279786}") = "Exam19", "Exam19\Exam19.fsproj", "{697AC502-696F-43E5-9BED-78AF37EB6769}"
EndProject
Global
	GlobalSection(SolutionConfigurationPlatforms) = preSolution
		Debug|Any CPU = Debug|Any CPU
		Release|Any CPU = Release|Any CPU
	EndGlobalSection
	GlobalSection(ProjectConfigurationPlatforms) = postSolution
		{697AC502-696F-43E5-9BED-78AF37EB6769}.Debug|Any CPU.ActiveCfg = Debug|Any CPU
		{697AC502-696F-43E5-9BED-78AF37EB6769}.Debug|Any CPU.Build.0 = Debug|Any CPU
		{697AC502-696F-43E5-9BED-78AF37EB6769}.Release|Any CPU.ActiveCfg = Release|Any CPU
		{697AC502-696F-43E5-9BED-78AF37EB6769}.Release|Any CPU.Build.0 = Release|Any CPU
	EndGlobalSection
EndGlobal
